
Microsoft Visual Studio Solution File, Format Version 12.00
# Visual Studio 15
VisualStudioVersion = 15.0.26730.3
MinimumVisualStudioVersion = 10.0.40219.1
Project("{FAE04EC0-301F-11D3-BF4B-00C04F79EFBC}") = "CoolGrammar", "Cool Grammar\CoolGrammar.csproj", "{74171E8B-8760-4533-ACAF-ACCED632B5AB}"
EndProject
Project("{FAE04EC0-301F-11D3-BF4B-00C04F79EFBC}") = "CoolSemanticCheck", "Cool Semantic Check\CoolSemanticCheck.csproj", "{B4AC341B-CF2A-4AE7-9B87-A864356C52CD}"
EndProject
Project("{FAE04EC0-301F-11D3-BF4B-00C04F79EFBC}") = "Tester", "Tester\Tester.csproj", "{48198745-9470-4048-A39D-3439E588C27A}"
EndProject
Project("{FAE04EC0-301F-11D3-BF4B-00C04F79EFBC}") = "Class Intermediate Language", "Class Intermediate Language\Class Intermediate Language.csproj", "{BE9C916C-3854-4690-93E9-4B8E576EE77E}"
EndProject
Project("{FAE04EC0-301F-11D3-BF4B-00C04F79EFBC}") = "MIPS Generator", "MIPS Generator\MIPS Generator.csproj", "{A5305804-27DA-45F8-9C65-DEE78B02221C}"
EndProject
Global
	GlobalSection(SolutionConfigurationPlatforms) = preSolution
		Debug|Any CPU = Debug|Any CPU
		Release|Any CPU = Release|Any CPU
	EndGlobalSection
	GlobalSection(ProjectConfigurationPlatforms) = postSolution
		{74171E8B-8760-4533-ACAF-ACCED632B5AB}.Debug|Any CPU.ActiveCfg = Debug|Any CPU
		{74171E8B-8760-4533-ACAF-ACCED632B5AB}.Debug|Any CPU.Build.0 = Debug|Any CPU
		{74171E8B-8760-4533-ACAF-ACCED632B5AB}.Release|Any CPU.ActiveCfg = Release|Any CPU
		{74171E8B-8760-4533-ACAF-ACCED632B5AB}.Release|Any CPU.Build.0 = Release|Any CPU
		{B4AC341B-CF2A-4AE7-9B87-A864356C52CD}.Debug|Any CPU.ActiveCfg = Debug|Any CPU
		{B4AC341B-CF2A-4AE7-9B87-A864356C52CD}.Debug|Any CPU.Build.0 = Debug|Any CPU
		{B4AC341B-CF2A-4AE7-9B87-A864356C52CD}.Release|Any CPU.ActiveCfg = Release|Any CPU
		{B4AC341B-CF2A-4AE7-9B87-A864356C52CD}.Release|Any CPU.Build.0 = Release|Any CPU
		{48198745-9470-4048-A39D-3439E588C27A}.Debug|Any CPU.ActiveCfg = Debug|Any CPU
		{48198745-9470-4048-A39D-3439E588C27A}.Debug|Any CPU.Build.0 = Debug|Any CPU
		{48198745-9470-4048-A39D-3439E588C27A}.Release|Any CPU.ActiveCfg = Release|Any CPU
		{48198745-9470-4048-A39D-3439E588C27A}.Release|Any CPU.Build.0 = Release|Any CPU
		{BE9C916C-3854-4690-93E9-4B8E576EE77E}.Debug|Any CPU.ActiveCfg = Debug|Any CPU
		{BE9C916C-3854-4690-93E9-4B8E576EE77E}.Debug|Any CPU.Build.0 = Debug|Any CPU
		{BE9C916C-3854-4690-93E9-4B8E576EE77E}.Release|Any CPU.ActiveCfg = Release|Any CPU
		{BE9C916C-3854-4690-93E9-4B8E576EE77E}.Release|Any CPU.Build.0 = Release|Any CPU
		{A5305804-27DA-45F8-9C65-DEE78B02221C}.Debug|Any CPU.ActiveCfg = Debug|Any CPU
		{A5305804-27DA-45F8-9C65-DEE78B02221C}.Debug|Any CPU.Build.0 = Debug|Any CPU
		{A5305804-27DA-45F8-9C65-DEE78B02221C}.Release|Any CPU.ActiveCfg = Release|Any CPU
		{A5305804-27DA-45F8-9C65-DEE78B02221C}.Release|Any CPU.Build.0 = Release|Any CPU
	EndGlobalSection
	GlobalSection(SolutionProperties) = preSolution
		HideSolutionNode = FALSE
	EndGlobalSection
	GlobalSection(ExtensibilityGlobals) = postSolution
		SolutionGuid = {D005E8F6-B22E-4E92-B221-A9A8E50F3E8B}
	EndGlobalSection
EndGlobal
